<?xml version="1.0" encoding="utf-8"?>
<Project ToolsVersion="4.0" xmlns="http://schemas.microsoft.com/developer/msbuild/2003">
  <ItemGroup>
    <Filter Include="ソース ファイル">
      <UniqueIdentifier>{4FC737F1-C7A5-4376-A066-2A32D752A2FF}</UniqueIdentifier>
      <Extensions>cpp;c;cc;cxx;def;odl;idl;hpj;bat;asm;asmx</Extensions>
    </Filter>
    <Filter Include="ヘッダー ファイル">
      <UniqueIdentifier>{93995380-89BD-4b04-88EB-625FBE52EBFB}</UniqueIdentifier>
      <Extensions>h;hh;hpp;hxx;hm;inl;inc;xsd</Extensions>
    </Filter>
    <Filter Include="リソース ファイル">
      <UniqueIdentifier>{67DA6AB6-F800-4c08-8B7A-83BB121AAD01}</UniqueIdentifier>
      <Extensions>rc;ico;cur;bmp;dlg;rc2;rct;bin;rgs;gif;jpg;jpeg;jpe;resx;tiff;tif;png;wav;mfcribbon-ms</Extensions>
    </Filter>
    <Filter Include="ソース ファイル\シーン">
      <UniqueIdentifier>{20d92a3a-9703-42ca-b421-b5ffa72c5fcb}</UniqueIdentifier>
    </Filter>
    <Filter Include="ソース ファイル\モード">
      <UniqueIdentifier>{0670a0f8-3d4d-4620-bdb3-923c7278fce0}</UniqueIdentifier>
    </Filter>
    <Filter Include="ソース ファイル\キャラクター">
      <UniqueIdentifier>{53a3e0b5-f555-4bf8-a5c7-6befe1056d0b}</UniqueIdentifier>
    </Filter>
    <Filter Include="ソース ファイル\演出">
      <UniqueIdentifier>{be51dec7-7b09-496b-bb56-322243ab5e47}</UniqueIdentifier>
    </Filter>
    <Filter Include="ソース ファイル\システム">
      <UniqueIdentifier>{fa6d61ea-4d4f-41ea-bef2-d7c4bafde0c4}</UniqueIdentifier>
    </Filter>
    <Filter Include="ヘッダー ファイル\シーン">
      <UniqueIdentifier>{831f4163-3e92-4cc2-8ce9-6e94dede4f71}</UniqueIdentifier>
    </Filter>
    <Filter Include="ヘッダー ファイル\モード">
      <UniqueIdentifier>{4dfd6be8-0c32-4859-837c-a3306a928c78}</UniqueIdentifier>
    </Filter>
    <Filter Include="ヘッダー ファイル\キャラクター">
      <UniqueIdentifier>{1c7e0861-c7ee-4410-90e0-7b9ada9dd6db}</UniqueIdentifier>
    </Filter>
    <Filter Include="ヘッダー ファイル\演出">
      <UniqueIdentifier>{9239e15b-3d4f-4da3-a5d6-0efdb93303cd}</UniqueIdentifier>
    </Filter>
    <Filter Include="ヘッダー ファイル\システム">
      <UniqueIdentifier>{df49f700-ec90-4ce5-8607-f159e864197d}</UniqueIdentifier>
    </Filter>
    <Filter Include="ソース ファイル\モード\UI">
      <UniqueIdentifier>{8c0d8f19-57c2-46d8-8c1d-20016b731aed}</UniqueIdentifier>
    </Filter>
    <Filter Include="ヘッダー ファイル\モード\UI">
      <UniqueIdentifier>{3d92a395-7119-4ab2-a159-547d21b1e951}</UniqueIdentifier>
    </Filter>
    <Filter Include="ソース ファイル\オブジェクト">
      <UniqueIdentifier>{b6af8de5-d45f-481c-a441-168b4ba7a1b3}</UniqueIdentifier>
    </Filter>
    <Filter Include="ヘッダー ファイル\オブジェクト">
      <UniqueIdentifier>{1e784ab9-cd05-477c-a03f-20a94c58b76e}</UniqueIdentifier>
    </Filter>
  </ItemGroup>
  <ItemGroup>
    <ClCompile Include="scenex.cpp">
      <Filter>ソース ファイル\シーン</Filter>
    </ClCompile>
    <ClCompile Include="scene3d.cpp">
      <Filter>ソース ファイル\シーン</Filter>
    </ClCompile>
    <ClCompile Include="scene2d.cpp">
      <Filter>ソース ファイル\シーン</Filter>
    </ClCompile>
    <ClCompile Include="scene.cpp">
      <Filter>ソース ファイル\シーン</Filter>
    </ClCompile>
    <ClCompile Include="game.cpp">
      <Filter>ソース ファイル\モード</Filter>
    </ClCompile>
    <ClCompile Include="title.cpp">
      <Filter>ソース ファイル\モード</Filter>
    </ClCompile>
    <ClCompile Include="result.cpp">
      <Filter>ソース ファイル\モード</Filter>
    </ClCompile>
    <ClCompile Include="player.cpp">
      <Filter>ソース ファイル\キャラクター</Filter>
    </ClCompile>
    <ClCompile Include="item.cpp">
      <Filter>ソース ファイル\オブジェクト</Filter>
    </ClCompile>
    <ClCompile Include="block.cpp">
      <Filter>ソース ファイル\オブジェクト</Filter>
    </ClCompile>
    <ClCompile Include="camera.cpp">
      <Filter>ソース ファイル\システム</Filter>
    </ClCompile>
    <ClCompile Include="fade.cpp">
      <Filter>ソース ファイル\システム</Filter>
    </ClCompile>
    <ClCompile Include="input.cpp">
      <Filter>ソース ファイル\システム</Filter>
    </ClCompile>
    <ClCompile Include="effect.cpp">
      <Filter>ソース ファイル\演出</Filter>
    </ClCompile>
    <ClCompile Include="light.cpp">
      <Filter>ソース ファイル\システム</Filter>
    </ClCompile>
    <ClCompile Include="orbit.cpp">
      <Filter>ソース ファイル\演出</Filter>
    </ClCompile>
    <ClCompile Include="3dobject.cpp">
      <Filter>ソース ファイル\オブジェクト</Filter>
    </ClCompile>
    <ClCompile Include="main.cpp">
      <Filter>ソース ファイル\システム</Filter>
    </ClCompile>
    <ClCompile Include="manager.cpp">
      <Filter>ソース ファイル\システム</Filter>
    </ClCompile>
    <ClCompile Include="renderer.cpp">
      <Filter>ソース ファイル\システム</Filter>
    </ClCompile>
    <ClCompile Include="floor.cpp">
      <Filter>ソース ファイル\オブジェクト</Filter>
    </ClCompile>
    <ClCompile Include="debugproc.cpp">
      <Filter>ソース ファイル\システム</Filter>
    </ClCompile>
    <ClCompile Include="shadow.cpp">
      <Filter>ソース ファイル\演出</Filter>
    </ClCompile>
    <ClCompile Include="UI.cpp">
      <Filter>ソース ファイル\モード\UI</Filter>
    </ClCompile>
    <ClCompile Include="score.cpp">
      <Filter>ソース ファイル\モード\UI</Filter>
    </ClCompile>
    <ClCompile Include="number.cpp">
      <Filter>ソース ファイル\モード\UI</Filter>
    </ClCompile>
    <ClCompile Include="wall.cpp">
      <Filter>ソース ファイル\オブジェクト</Filter>
    </ClCompile>
    <ClCompile Include="model.cpp">
      <Filter>ソース ファイル\キャラクター</Filter>
    </ClCompile>
    <ClCompile Include="bullet3D.cpp">
      <Filter>ソース ファイル\オブジェクト</Filter>
    </ClCompile>
    <ClCompile Include="enemy.cpp">
      <Filter>ソース ファイル\キャラクター</Filter>
    </ClCompile>
    <ClCompile Include="hpber3D.cpp">
      <Filter>ソース ファイル\モード\UI</Filter>
    </ClCompile>
    <ClCompile Include="bullet2D.cpp">
      <Filter>ソース ファイル\オブジェクト</Filter>
    </ClCompile>
    <ClCompile Include="pause.cpp">
      <Filter>ソース ファイル\モード</Filter>
    </ClCompile>
    <ClCompile Include="selectmode.cpp">
      <Filter>ソース ファイル\モード</Filter>
    </ClCompile>
    <ClCompile Include="bulletNumber.cpp">
      <Filter>ソース ファイル\モード\UI</Filter>
    </ClCompile>
    <ClCompile Include="sound.cpp">
      <Filter>ソース ファイル\システム</Filter>
    </ClCompile>
  </ItemGroup>
  <ItemGroup>
    <ClInclude Include="scene.h">
      <Filter>ヘッダー ファイル\シーン</Filter>
    </ClInclude>
    <ClInclude Include="scene2d.h">
      <Filter>ヘッダー ファイル\シーン</Filter>
    </ClInclude>
    <ClInclude Include="scene3d.h">
      <Filter>ヘッダー ファイル\シーン</Filter>
    </ClInclude>
    <ClInclude Include="scenex.h">
      <Filter>ヘッダー ファイル\シーン</Filter>
    </ClInclude>
    <ClInclude Include="title.h">
      <Filter>ヘッダー ファイル\モード</Filter>
    </ClInclude>
    <ClInclude Include="result.h">
      <Filter>ヘッダー ファイル\モード</Filter>
    </ClInclude>
    <ClInclude Include="game.h">
      <Filter>ヘッダー ファイル\モード</Filter>
    </ClInclude>
    <ClInclude Include="player.h">
      <Filter>ヘッダー ファイル\キャラクター</Filter>
    </ClInclude>
    <ClInclude Include="model.h">
      <Filter>ヘッダー ファイル\キャラクター</Filter>
    </ClInclude>
    <ClInclude Include="3dobject.h">
      <Filter>ヘッダー ファイル\オブジェクト</Filter>
    </ClInclude>
    <ClInclude Include="block.h">
      <Filter>ヘッダー ファイル\オブジェクト</Filter>
    </ClInclude>
    <ClInclude Include="item.h">
      <Filter>ヘッダー ファイル\オブジェクト</Filter>
    </ClInclude>
    <ClInclude Include="orbit.h">
      <Filter>ヘッダー ファイル\演出</Filter>
    </ClInclude>
    <ClInclude Include="effect.h">
      <Filter>ヘッダー ファイル\演出</Filter>
    </ClInclude>
    <ClInclude Include="camera.h">
      <Filter>ヘッダー ファイル\システム</Filter>
    </ClInclude>
    <ClInclude Include="fade.h">
      <Filter>ヘッダー ファイル\システム</Filter>
    </ClInclude>
    <ClInclude Include="input.h">
      <Filter>ヘッダー ファイル\システム</Filter>
    </ClInclude>
    <ClInclude Include="light.h">
      <Filter>ヘッダー ファイル\システム</Filter>
    </ClInclude>
    <ClInclude Include="main.h">
      <Filter>ヘッダー ファイル\システム</Filter>
    </ClInclude>
    <ClInclude Include="manager.h">
      <Filter>ヘッダー ファイル\システム</Filter>
    </ClInclude>
    <ClInclude Include="renderer.h">
      <Filter>ヘッダー ファイル\システム</Filter>
    </ClInclude>
    <ClInclude Include="floor.h">
      <Filter>ヘッダー ファイル\オブジェクト</Filter>
    </ClInclude>
    <ClInclude Include="debugproc.h">
      <Filter>ヘッダー ファイル\シーン</Filter>
    </ClInclude>
    <ClInclude Include="shadow.h">
      <Filter>ヘッダー ファイル\演出</Filter>
    </ClInclude>
    <ClInclude Include="UI.h">
      <Filter>ヘッダー ファイル\モード\UI</Filter>
    </ClInclude>
    <ClInclude Include="score.h">
      <Filter>ヘッダー ファイル\モード\UI</Filter>
    </ClInclude>
    <ClInclude Include="number.h">
      <Filter>ヘッダー ファイル\モード\UI</Filter>
    </ClInclude>
    <ClInclude Include="wall.h">
      <Filter>ヘッダー ファイル\オブジェクト</Filter>
    </ClInclude>
    <ClInclude Include="bullet3D.h">
      <Filter>ヘッダー ファイル\オブジェクト</Filter>
    </ClInclude>
    <ClInclude Include="enemy.h">
      <Filter>ヘッダー ファイル\キャラクター</Filter>
    </ClInclude>
    <ClInclude Include="hpber3D.h">
      <Filter>ヘッダー ファイル\モード\UI</Filter>
    </ClInclude>
    <ClInclude Include="bullet2D.h">
      <Filter>ヘッダー ファイル\オブジェクト</Filter>
    </ClInclude>
    <ClInclude Include="pause.h">
      <Filter>ヘッダー ファイル\モード</Filter>
    </ClInclude>
    <ClInclude Include="selectmode.h">
      <Filter>ヘッダー ファイル\モード</Filter>
    </ClInclude>
    <ClInclude Include="bulletNumber.h">
      <Filter>ヘッダー ファイル\モード\UI</Filter>
    </ClInclude>
    <ClInclude Include="sound.h">
      <Filter>ヘッダー ファイル\システム</Filter>
    </ClInclude>
  </ItemGroup>
</Project>